// !$*UTF8*$!
{
	archiveVersion = 1;
	classes = {
	};
	objectVersion = 60;
	objects = {

/* Begin PBXBuildFile section */
		65B5EE012AF41573001B5DA8 /* Places.swift in Sources */ = {isa = PBXBuildFile; fileRef = 65B5EE002AF41573001B5DA8 /* Places.swift */; };
		65B5EE032AF4182C001B5DA8 /* CustomTableViewCell.swift in Sources */ = {isa = PBXBuildFile; fileRef = 65B5EE022AF4182C001B5DA8 /* CustomTableViewCell.swift */; };
		65B5EE052AF419A6001B5DA8 /* PlaceView.swift in Sources */ = {isa = PBXBuildFile; fileRef = 65B5EE042AF419A6001B5DA8 /* PlaceView.swift */; };
		65B5EE072AF420C9001B5DA8 /* DataModel.swift in Sources */ = {isa = PBXBuildFile; fileRef = 65B5EE062AF420C9001B5DA8 /* DataModel.swift */; };
		65B5EE0A2AF544F2001B5DA8 /* UIImage+Resize.swift in Sources */ = {isa = PBXBuildFile; fileRef = 65B5EE092AF544F2001B5DA8 /* UIImage+Resize.swift */; };
		65B5EE0D2AF54C2F001B5DA8 /* Constants.swift in Sources */ = {isa = PBXBuildFile; fileRef = 65B5EE0C2AF54C2F001B5DA8 /* Constants.swift */; };
		65E251D32AF16318008F079A /* AppDelegate.swift in Sources */ = {isa = PBXBuildFile; fileRef = 65E251D22AF16318008F079A /* AppDelegate.swift */; };
		65E251D52AF16318008F079A /* SceneDelegate.swift in Sources */ = {isa = PBXBuildFile; fileRef = 65E251D42AF16318008F079A /* SceneDelegate.swift */; };
		65E251D72AF16318008F079A /* ViewController.swift in Sources */ = {isa = PBXBuildFile; fileRef = 65E251D62AF16318008F079A /* ViewController.swift */; };
		65E251DC2AF16319008F079A /* Assets.xcassets in Resources */ = {isa = PBXBuildFile; fileRef = 65E251DB2AF16319008F079A /* Assets.xcassets */; };
		65E251DF2AF16319008F079A /* LaunchScreen.storyboard in Resources */ = {isa = PBXBuildFile; fileRef = 65E251DD2AF16319008F079A /* LaunchScreen.storyboard */; };
		65E251E72AF167DB008F079A /* HomeViewController.swift in Sources */ = {isa = PBXBuildFile; fileRef = 65E251E62AF167DB008F079A /* HomeViewController.swift */; };
		65E251E92AF167F1008F079A /* InfoViewController.swift in Sources */ = {isa = PBXBuildFile; fileRef = 65E251E82AF167F1008F079A /* InfoViewController.swift */; };
/* End PBXBuildFile section */

/* Begin PBXFileReference section */
		65B5EE002AF41573001B5DA8 /* Places.swift */ = {isa = PBXFileReference; lastKnownFileType = sourcecode.swift; path = Places.swift; sourceTree = "<group>"; };
		65B5EE022AF4182C001B5DA8 /* CustomTableViewCell.swift */ = {isa = PBXFileReference; lastKnownFileType = sourcecode.swift; path = CustomTableViewCell.swift; sourceTree = "<group>"; };
		65B5EE042AF419A6001B5DA8 /* PlaceView.swift */ = {isa = PBXFileReference; lastKnownFileType = sourcecode.swift; path = PlaceView.swift; sourceTree = "<group>"; };
		65B5EE062AF420C9001B5DA8 /* DataModel.swift */ = {isa = PBXFileReference; lastKnownFileType = sourcecode.swift; path = DataModel.swift; sourceTree = "<group>"; };
		65B5EE092AF544F2001B5DA8 /* UIImage+Resize.swift */ = {isa = PBXFileReference; lastKnownFileType = sourcecode.swift; path = "UIImage+Resize.swift"; sourceTree = "<group>"; };
		65B5EE0C2AF54C2F001B5DA8 /* Constants.swift */ = {isa = PBXFileReference; lastKnownFileType = sourcecode.swift; path = Constants.swift; sourceTree = "<group>"; };
		65E251CF2AF16318008F079A /* HomeScreen.app */ = {isa = PBXFileReference; explicitFileType = wrapper.application; includeInIndex = 0; path = HomeScreen.app; sourceTree = BUILT_PRODUCTS_DIR; };
		65E251D22AF16318008F079A /* AppDelegate.swift */ = {isa = PBXFileReference; lastKnownFileType = sourcecode.swift; path = AppDelegate.swift; sourceTree = "<group>"; };
		65E251D42AF16318008F079A /* SceneDelegate.swift */ = {isa = PBXFileReference; lastKnownFileType = sourcecode.swift; path = SceneDelegate.swift; sourceTree = "<group>"; };
		65E251D62AF16318008F079A /* ViewController.swift */ = {isa = PBXFileReference; lastKnownFileType = sourcecode.swift; path = ViewController.swift; sourceTree = "<group>"; };
		65E251DB2AF16319008F079A /* Assets.xcassets */ = {isa = PBXFileReference; lastKnownFileType = folder.assetcatalog; path = Assets.xcassets; sourceTree = "<group>"; };
		65E251DE2AF16319008F079A /* Base */ = {isa = PBXFileReference; lastKnownFileType = file.storyboard; name = Base; path = Base.lproj/LaunchScreen.storyboard; sourceTree = "<group>"; };
		65E251E02AF16319008F079A /* Info.plist */ = {isa = PBXFileReference; lastKnownFileType = text.plist.xml; path = Info.plist; sourceTree = "<group>"; };
		65E251E62AF167DB008F079A /* HomeViewController.swift */ = {isa = PBXFileReference; lastKnownFileType = sourcecode.swift; path = HomeViewController.swift; sourceTree = "<group>"; };
		65E251E82AF167F1008F079A /* InfoViewController.swift */ = {isa = PBXFileReference; lastKnownFileType = sourcecode.swift; path = InfoViewController.swift; sourceTree = "<group>"; };
/* End PBXFileReference section */

/* Begin PBXFrameworksBuildPhase section */
		65E251CC2AF16318008F079A /* Frameworks */ = {
			isa = PBXFrameworksBuildPhase;
			buildActionMask = 2147483647;
			files = (
			);
			runOnlyForDeploymentPostprocessing = 0;
		};
/* End PBXFrameworksBuildPhase section */

/* Begin PBXGroup section */
		65B5EE082AF544BC001B5DA8 /* Extensions  */ = {
			isa = PBXGroup;
			children = (
				65B5EE092AF544F2001B5DA8 /* UIImage+Resize.swift */,
			);
			path = "Extensions ";
			sourceTree = "<group>";
		};
		65B5EE0B2AF54C15001B5DA8 /* Constants */ = {
			isa = PBXGroup;
			children = (
				65B5EE0C2AF54C2F001B5DA8 /* Constants.swift */,
			);
			path = Constants;
			sourceTree = "<group>";
		};
		65E251C62AF16318008F079A = {
			isa = PBXGroup;
			children = (
				65E251D12AF16318008F079A /* HomeScreen */,
				65E251D02AF16318008F079A /* Products */,
			);
			sourceTree = "<group>";
		};
		65E251D02AF16318008F079A /* Products */ = {
			isa = PBXGroup;
			children = (
				65E251CF2AF16318008F079A /* HomeScreen.app */,
			);
			name = Products;
			sourceTree = "<group>";
		};
		65E251D12AF16318008F079A /* HomeScreen */ = {
			isa = PBXGroup;
			children = (
				65B5EE0B2AF54C15001B5DA8 /* Constants */,
				65B5EE082AF544BC001B5DA8 /* Extensions  */,
				65E251ED2AF1685F008F079A /* SupportFiles */,
				65E251EC2AF16853008F079A /* Controller */,
				65E251EB2AF1684B008F079A /* View */,
				65E251EA2AF16831008F079A /* Model */,
				65E251DB2AF16319008F079A /* Assets.xcassets */,
				65E251E02AF16319008F079A /* Info.plist */,
			);
			path = HomeScreen;
			sourceTree = "<group>";
		};
		65E251EA2AF16831008F079A /* Model */ = {
			isa = PBXGroup;
			children = (
				65B5EE002AF41573001B5DA8 /* Places.swift */,
				65B5EE062AF420C9001B5DA8 /* DataModel.swift */,
			);
			path = Model;
			sourceTree = "<group>";
		};
		65E251EB2AF1684B008F079A /* View */ = {
			isa = PBXGroup;
			children = (
				65B5EE022AF4182C001B5DA8 /* CustomTableViewCell.swift */,
				65B5EE042AF419A6001B5DA8 /* PlaceView.swift */,
			);
			path = View;
			sourceTree = "<group>";
		};
		65E251EC2AF16853008F079A /* Controller */ = {
			isa = PBXGroup;
			children = (
				65E251E62AF167DB008F079A /* HomeViewController.swift */,
				65E251E82AF167F1008F079A /* InfoViewController.swift */,
				65E251D62AF16318008F079A /* ViewController.swift */,
			);
			path = Controller;
			sourceTree = "<group>";
		};
		65E251ED2AF1685F008F079A /* SupportFiles */ = {
			isa = PBXGroup;
			children = (
				65E251DD2AF16319008F079A /* LaunchScreen.storyboard */,
				65E251D42AF16318008F079A /* SceneDelegate.swift */,
				65E251D22AF16318008F079A /* AppDelegate.swift */,
			);
			path = SupportFiles;
			sourceTree = "<group>";
		};
/* End PBXGroup section */

/* Begin PBXNativeTarget section */
		65E251CE2AF16318008F079A /* HomeScreen */ = {
			isa = PBXNativeTarget;
			buildConfigurationList = 65E251E32AF16319008F079A /* Build configuration list for PBXNativeTarget "HomeScreen" */;
			buildPhases = (
				65E251CB2AF16318008F079A /* Sources */,
				65E251CC2AF16318008F079A /* Frameworks */,
				65E251CD2AF16318008F079A /* Resources */,
			);
			buildRules = (
			);
			dependencies = (
			);
			name = HomeScreen;
			productName = HomeScreen;
			productReference = 65E251CF2AF16318008F079A /* HomeScreen.app */;
			productType = "com.apple.product-type.application";
		};
/* End PBXNativeTarget section */

/* Begin PBXProject section */
		65E251C72AF16318008F079A /* Project object */ = {
			isa = PBXProject;
			attributes = {
				BuildIndependentTargetsInParallel = 1;
				LastSwiftUpdateCheck = 1500;
				LastUpgradeCheck = 1500;
				TargetAttributes = {
					65E251CE2AF16318008F079A = {
						CreatedOnToolsVersion = 15.0;
					};
				};
			};
			buildConfigurationList = 65E251CA2AF16318008F079A /* Build configuration list for PBXProject "HomeScreen" */;
			compatibilityVersion = "Xcode 15.0";
			developmentRegion = en;
			hasScannedForEncodings = 0;
			knownRegions = (
				en,
				Base,
			);
			mainGroup = 65E251C62AF16318008F079A;
			productRefGroup = 65E251D02AF16318008F079A /* Products */;
			projectDirPath = "";
			projectRoot = "";
			targets = (
				65E251CE2AF16318008F079A /* HomeScreen */,
			);
		};
/* End PBXProject section */

/* Begin PBXResourcesBuildPhase section */
		65E251CD2AF16318008F079A /* Resources */ = {
			isa = PBXResourcesBuildPhase;
			buildActionMask = 2147483647;
			files = (
				65E251DF2AF16319008F079A /* LaunchScreen.storyboard in Resources */,
				65E251DC2AF16319008F079A /* Assets.xcassets in Resources */,
			);
			runOnlyForDeploymentPostprocessing = 0;
		};
/* End PBXResourcesBuildPhase section */

/* Begin PBXSourcesBuildPhase section */
		65E251CB2AF16318008F079A /* Sources */ = {
			isa = PBXSourcesBuildPhase;
			buildActionMask = 2147483647;
			files = (
				65E251D72AF16318008F079A /* ViewController.swift in Sources */,
				65B5EE0D2AF54C2F001B5DA8 /* Constants.swift in Sources */,
				65E251D32AF16318008F079A /* AppDelegate.swift in Sources */,
				65B5EE052AF419A6001B5DA8 /* PlaceView.swift in Sources */,
				65B5EE0A2AF544F2001B5DA8 /* UIImage+Resize.swift in Sources */,
				65E251D52AF16318008F079A /* SceneDelegate.swift in Sources */,
				65B5EE032AF4182C001B5DA8 /* CustomTableViewCell.swift in Sources */,
				65E251E72AF167DB008F079A /* HomeViewController.swift in Sources */,
				65E251E92AF167F1008F079A /* InfoViewController.swift in Sources */,
				65B5EE012AF41573001B5DA8 /* Places.swift in Sources */,
				65B5EE072AF420C9001B5DA8 /* DataModel.swift in Sources */,
			);
			runOnlyForDeploymentPostprocessing = 0;
		};
/* End PBXSourcesBuildPhase section */

/* Begin PBXVariantGroup section */
		65E251DD2AF16319008F079A /* LaunchScreen.storyboard */ = {
			isa = PBXVariantGroup;
			children = (
				65E251DE2AF16319008F079A /* Base */,
			);
			name = LaunchScreen.storyboard;
			sourceTree = "<group>";
		};
/* End PBXVariantGroup section */

/* Begin XCBuildConfiguration section */
		65E251E12AF16319008F079A /* Debug */ = {
			isa = XCBuildConfiguration;
			buildSettings = {
				ALWAYS_SEARCH_USER_PATHS = NO;
				ASSETCATALOG_COMPILER_GENERATE_SWIFT_ASSET_SYMBOL_EXTENSIONS = YES;
				CLANG_ANALYZER_NONNULL = YES;
				CLANG_ANALYZER_NUMBER_OBJECT_CONVERSION = YES_AGGRESSIVE;
				CLANG_CXX_LANGUAGE_STANDARD = "gnu++20";
				CLANG_ENABLE_MODULES = YES;
				CLANG_ENABLE_OBJC_ARC = YES;
				CLANG_ENABLE_OBJC_WEAK = YES;
				CLANG_WARN_BLOCK_CAPTURE_AUTORELEASING = YES;
				CLANG_WARN_BOOL_CONVERSION = YES;
				CLANG_WARN_COMMA = YES;
				CLANG_WARN_CONSTANT_CONVERSION = YES;
				CLANG_WARN_DEPRECATED_OBJC_IMPLEMENTATIONS = YES;
				CLANG_WARN_DIRECT_OBJC_ISA_USAGE = YES_ERROR;
				CLANG_WARN_DOCUMENTATION_COMMENTS = YES;
				CLANG_WARN_EMPTY_BODY = YES;
				CLANG_WARN_ENUM_CONVERSION = YES;
				CLANG_WARN_INFINITE_RECURSION = YES;
				CLANG_WARN_INT_CONVERSION = YES;
				CLANG_WARN_NON_LITERAL_NULL_CONVERSION = YES;
				CLANG_WARN_OBJC_IMPLICIT_RETAIN_SELF = YES;
				CLANG_WARN_OBJC_LITERAL_CONVERSION = YES;
				CLANG_WARN_OBJC_ROOT_CLASS = YES_ERROR;
				CLANG_WARN_QUOTED_INCLUDE_IN_FRAMEWORK_HEADER = YES;
				CLANG_WARN_RANGE_LOOP_ANALYSIS = YES;
				CLANG_WARN_STRICT_PROTOTYPES = YES;
				CLANG_WARN_SUSPICIOUS_MOVE = YES;
				CLANG_WARN_UNGUARDED_AVAILABILITY = YES_AGGRESSIVE;
				CLANG_WARN_UNREACHABLE_CODE = YES;
				CLANG_WARN__DUPLICATE_METHOD_MATCH = YES;
				COPY_PHASE_STRIP = NO;
				DEBUG_INFORMATION_FORMAT = dwarf;
				ENABLE_STRICT_OBJC_MSGSEND = YES;
				ENABLE_TESTABILITY = YES;
				ENABLE_USER_SCRIPT_SANDBOXING = YES;
				GCC_C_LANGUAGE_STANDARD = gnu17;
				GCC_DYNAMIC_NO_PIC = NO;
				GCC_NO_COMMON_BLOCKS = YES;
				GCC_OPTIMIZATION_LEVEL = 0;
				GCC_PREPROCESSOR_DEFINITIONS = (
					"DEBUG=1",
					"$(inherited)",
				);
				GCC_WARN_64_TO_32_BIT_CONVERSION = YES;
				GCC_WARN_ABOUT_RETURN_TYPE = YES_ERROR;
				GCC_WARN_UNDECLARED_SELECTOR = YES;
				GCC_WARN_UNINITIALIZED_AUTOS = YES_AGGRESSIVE;
				GCC_WARN_UNUSED_FUNCTION = YES;
				GCC_WARN_UNUSED_VARIABLE = YES;
				IPHONEOS_DEPLOYMENT_TARGET = 17.0;
				LOCALIZATION_PREFERS_STRING_CATALOGS = YES;
				MTL_ENABLE_DEBUG_INFO = INCLUDE_SOURCE;
				MTL_FAST_MATH = YES;
				ONLY_ACTIVE_ARCH = YES;
				SDKROOT = iphoneos;
				SWIFT_ACTIVE_COMPILATION_CONDITIONS = "DEBUG $(inherited)";
				SWIFT_OPTIMIZATION_LEVEL = "-Onone";
			};
			name = Debug;
		};
		65E251E22AF16319008F079A /* Release */ = {
			isa = XCBuildConfiguration;
			buildSettings = {
				ALWAYS_SEARCH_USER_PATHS = NO;
				ASSETCATALOG_COMPILER_GENERATE_SWIFT_ASSET_SYMBOL_EXTENSIONS = YES;
				CLANG_ANALYZER_NONNULL = YES;
				CLANG_ANALYZER_NUMBER_OBJECT_CONVERSION = YES_AGGRESSIVE;
				CLANG_CXX_LANGUAGE_STANDARD = "gnu++20";
				CLANG_ENABLE_MODULES = YES;
				CLANG_ENABLE_OBJC_ARC = YES;
				CLANG_ENABLE_OBJC_WEAK = YES;
				CLANG_WARN_BLOCK_CAPTURE_AUTORELEASING = YES;
				CLANG_WARN_BOOL_CONVERSION = YES;
				CLANG_WARN_COMMA = YES;
				CLANG_WARN_CONSTANT_CONVERSION = YES;
				CLANG_WARN_DEPRECATED_OBJC_IMPLEMENTATIONS = YES;
				CLANG_WARN_DIRECT_OBJC_ISA_USAGE = YES_ERROR;
				CLANG_WARN_DOCUMENTATION_COMMENTS = YES;
				CLANG_WARN_EMPTY_BODY = YES;
				CLANG_WARN_ENUM_CONVERSION = YES;
				CLANG_WARN_INFINITE_RECURSION = YES;
				CLANG_WARN_INT_CONVERSION = YES;
				CLANG_WARN_NON_LITERAL_NULL_CONVERSION = YES;
				CLANG_WARN_OBJC_IMPLICIT_RETAIN_SELF = YES;
				CLANG_WARN_OBJC_LITERAL_CONVERSION = YES;
				CLANG_WARN_OBJC_ROOT_CLASS = YES_ERROR;
				CLANG_WARN_QUOTED_INCLUDE_IN_FRAMEWORK_HEADER = YES;
				CLANG_WARN_RANGE_LOOP_ANALYSIS = YES;
				CLANG_WARN_STRICT_PROTOTYPES = YES;
				CLANG_WARN_SUSPICIOUS_MOVE = YES;
				CLANG_WARN_UNGUARDED_AVAILABILITY = YES_AGGRESSIVE;
				CLANG_WARN_UNREACHABLE_CODE = YES;
				CLANG_WARN__DUPLICATE_METHOD_MATCH = YES;
				COPY_PHASE_STRIP = NO;
				DEBUG_INFORMATION_FORMAT = "dwarf-with-dsym";
				ENABLE_NS_ASSERTIONS = NO;
				ENABLE_STRICT_OBJC_MSGSEND = YES;
				ENABLE_USER_SCRIPT_SANDBOXING = YES;
				GCC_C_LANGUAGE_STANDARD = gnu17;
				GCC_NO_COMMON_BLOCKS = YES;
				GCC_WARN_64_TO_32_BIT_CONVERSION = YES;
				GCC_WARN_ABOUT_RETURN_TYPE = YES_ERROR;
				GCC_WARN_UNDECLARED_SELECTOR = YES;
				GCC_WARN_UNINITIALIZED_AUTOS = YES_AGGRESSIVE;
				GCC_WARN_UNUSED_FUNCTION = YES;
				GCC_WARN_UNUSED_VARIABLE = YES;
				IPHONEOS_DEPLOYMENT_TARGET = 17.0;
				LOCALIZATION_PREFERS_STRING_CATALOGS = YES;
				MTL_ENABLE_DEBUG_INFO = NO;
				MTL_FAST_MATH = YES;
				SDKROOT = iphoneos;
				SWIFT_COMPILATION_MODE = wholemodule;
				VALIDATE_PRODUCT = YES;
			};
			name = Release;
		};
		65E251E42AF16319008F079A /* Debug */ = {
			isa = XCBuildConfiguration;
			buildSettings = {
				ASSETCATALOG_COMPILER_APPICON_NAME = AppIcon;
				ASSETCATALOG_COMPILER_GLOBAL_ACCENT_COLOR_NAME = AccentColor;
				CODE_SIGN_STYLE = Automatic;
				CURRENT_PROJECT_VERSION = 1;
				DEVELOPMENT_TEAM = 8DT63DLTZJ;
				GENERATE_INFOPLIST_FILE = YES;
				INFOPLIST_FILE = HomeScreen/Info.plist;
				INFOPLIST_KEY_UIApplicationSupportsIndirectInputEvents = YES;
				INFOPLIST_KEY_UILaunchStoryboardName = LaunchScreen;
				INFOPLIST_KEY_UISupportedInterfaceOrientations_iPad = "UIInterfaceOrientationPortrait UIInterfaceOrientationPortraitUpsideDown UIInterfaceOrientationLandscapeLeft UIInterfaceOrientationLandscapeRight";
				INFOPLIST_KEY_UISupportedInterfaceOrientations_iPhone = "UIInterfaceOrientationPortrait UIInterfaceOrientationLandscapeLeft UIInterfaceOrientationLandscapeRight";
				IPHONEOS_DEPLOYMENT_TARGET = 16.0;
				LD_RUNPATH_SEARCH_PATHS = (
					"$(inherited)",
					"@executable_path/Frameworks",
				);
				MARKETING_VERSION = 1.0;
				PRODUCT_BUNDLE_IDENTIFIER = edu.dixietech.bradleymcclard.HomeScreen;
				PRODUCT_NAME = "$(TARGET_NAME)";
				SWIFT_EMIT_LOC_STRINGS = YES;
				SWIFT_VERSION = 5.0;
				TARGETED_DEVICE_FAMILY = "1,2";
			};
			name = Debug;
		};
		65E251E52AF16319008F079A /* Release */ = {
			isa = XCBuildConfiguration;
			buildSettings = {
				ASSETCATALOG_COMPILER_APPICON_NAME = AppIcon;
				ASSETCATALOG_COMPILER_GLOBAL_ACCENT_COLOR_NAME = AccentColor;
				CODE_SIGN_STYLE = Automatic;
				CURRENT_PROJECT_VERSION = 1;
				DEVELOPMENT_TEAM = 8DT63DLTZJ;
				GENERATE_INFOPLIST_FILE = YES;
				INFOPLIST_FILE = HomeScreen/Info.plist;
				INFOPLIST_KEY_UIApplicationSupportsIndirectInputEvents = YES;
				INFOPLIST_KEY_UILaunchStoryboardName = LaunchScreen;
				INFOPLIST_KEY_UISupportedInterfaceOrientations_iPad = "UIInterfaceOrientationPortrait UIInterfaceOrientationPortraitUpsideDown UIInterfaceOrientationLandscapeLeft UIInterfaceOrientationLandscapeRight";
				INFOPLIST_KEY_UISupportedInterfaceOrientations_iPhone = "UIInterfaceOrientationPortrait UIInterfaceOrientationLandscapeLeft UIInterfaceOrientationLandscapeRight";
				IPHONEOS_DEPLOYMENT_TARGET = 16.0;
				LD_RUNPATH_SEARCH_PATHS = (
					"$(inherited)",
					"@executable_path/Frameworks",
				);
				MARKETING_VERSION = 1.0;
				PRODUCT_BUNDLE_IDENTIFIER = edu.dixietech.bradleymcclard.HomeScreen;
				PRODUCT_NAME = "$(TARGET_NAME)";
				SWIFT_EMIT_LOC_STRINGS = YES;
				SWIFT_VERSION = 5.0;
				TARGETED_DEVICE_FAMILY = "1,2";
			};
			name = Release;
		};
/* End XCBuildConfiguration section */

/* Begin XCConfigurationList section */
		65E251CA2AF16318008F079A /* Build configuration list for PBXProject "HomeScreen" */ = {
			isa = XCConfigurationList;
			buildConfigurations = (
				65E251E12AF16319008F079A /* Debug */,
				65E251E22AF16319008F079A /* Release */,
			);
			defaultConfigurationIsVisible = 0;
			defaultConfigurationName = Release;
		};
		65E251E32AF16319008F079A /* Build configuration list for PBXNativeTarget "HomeScreen" */ = {
			isa = XCConfigurationList;
			buildConfigurations = (
				65E251E42AF16319008F079A /* Debug */,
				65E251E52AF16319008F079A /* Release */,
			);
			defaultConfigurationIsVisible = 0;
			defaultConfigurationName = Release;
		};
/* End XCConfigurationList section */
	};
	rootObject = 65E251C72AF16318008F079A /* Project object */;
}
